lockfileVersion: '9.0'

settings:
  autoInstallPeers: true
  excludeLinksFromLockfile: false

importers:

  .:
    dependencies:
      '@inquirer/prompts':
        specifier: ^3.3.0
        version: 3.3.2
      '@pinyin-pro/data':
        specifier: ^1.2.0
        version: 1.3.1
      fontkit:
        specifier: ^2.0.2
        version: 2.0.4
      get-system-fonts:
        specifier: ^2.0.2
        version: 2.0.2
      grapheme-splitter:
        specifier: ^1.0.4
        version: 1.0.4
      jsdom:
        specifier: ^22.1.0
        version: 22.1.0
      pinyin-pro:
        specifier: ^3.25.0
        version: 3.28.0

packages:

  '@inquirer/checkbox@1.5.2':
    resolution: {integrity: sha512-CifrkgQjDkUkWexmgYYNyB5603HhTHI91vLFeQXh6qrTKiCMVASol01Rs1cv6LP/A2WccZSRlJKZhbaBIs/9ZA==, tarball: https://registry.npmjs.org/@inquirer/checkbox/-/checkbox-1.5.2.tgz}
    engines: {node: '>=14.18.0'}

  '@inquirer/confirm@2.0.17':
    resolution: {integrity: sha512-EqzhGryzmGpy2aJf6LxJVhndxYmFs+m8cxXzf8nejb1DE3sabf6mUgBcp4J0jAUEiAcYzqmkqRr7LPFh/WdnXA==, tarball: https://registry.npmjs.org/@inquirer/confirm/-/confirm-2.0.17.tgz}
    engines: {node: '>=14.18.0'}

  '@inquirer/core@6.0.0':
    resolution: {integrity: sha512-fKi63Khkisgda3ohnskNf5uZJj+zXOaBvOllHsOkdsXRA/ubQLJQrZchFFi57NKbZzkTunXiBMdvWOv71alonw==, tarball: https://registry.npmjs.org/@inquirer/core/-/core-6.0.0.tgz}
    engines: {node: '>=14.18.0'}

  '@inquirer/editor@1.2.15':
    resolution: {integrity: sha512-gQ77Ls09x5vKLVNMH9q/7xvYPT6sIs5f7URksw+a2iJZ0j48tVS6crLqm2ugG33tgXHIwiEqkytY60Zyh5GkJQ==, tarball: https://registry.npmjs.org/@inquirer/editor/-/editor-1.2.15.tgz}
    engines: {node: '>=14.18.0'}

  '@inquirer/expand@1.1.16':
    resolution: {integrity: sha512-TGLU9egcuo+s7PxphKUCnJnpCIVY32/EwPCLLuu+gTvYiD8hZgx8Z2niNQD36sa6xcfpdLY6xXDBiL/+g1r2XQ==, tarball: https://registry.npmjs.org/@inquirer/expand/-/expand-1.1.16.tgz}
    engines: {node: '>=14.18.0'}

  '@inquirer/input@1.2.16':
    resolution: {integrity: sha512-Ou0LaSWvj1ni+egnyQ+NBtfM1885UwhRCMtsRt2bBO47DoC1dwtCa+ZUNgrxlnCHHF0IXsbQHYtIIjFGAavI4g==, tarball: https://registry.npmjs.org/@inquirer/input/-/input-1.2.16.tgz}
    engines: {node: '>=14.18.0'}

  '@inquirer/password@1.1.16':
    resolution: {integrity: sha512-aZYZVHLUXZ2gbBot+i+zOJrks1WaiI95lvZCn1sKfcw6MtSSlYC8uDX8sTzQvAsQ8epHoP84UNvAIT0KVGOGqw==, tarball: https://registry.npmjs.org/@inquirer/password/-/password-1.1.16.tgz}
    engines: {node: '>=14.18.0'}

  '@inquirer/prompts@3.3.2':
    resolution: {integrity: sha512-k52mOMRvTUejrqyF1h8Z07chC+sbaoaUYzzr1KrJXyj7yaX7Nrh0a9vktv8TuocRwIJOQMaj5oZEmkspEcJFYQ==, tarball: https://registry.npmjs.org/@inquirer/prompts/-/prompts-3.3.2.tgz}
    engines: {node: '>=14.18.0'}

  '@inquirer/rawlist@1.2.16':
    resolution: {integrity: sha512-pZ6TRg2qMwZAOZAV6TvghCtkr53dGnK29GMNQ3vMZXSNguvGqtOVc4j/h1T8kqGJFagjyfBZhUPGwNS55O5qPQ==, tarball: https://registry.npmjs.org/@inquirer/rawlist/-/rawlist-1.2.16.tgz}
    engines: {node: '>=14.18.0'}

  '@inquirer/select@1.3.3':
    resolution: {integrity: sha512-RzlRISXWqIKEf83FDC9ZtJ3JvuK1l7aGpretf41BCWYrvla2wU8W8MTRNMiPrPJ+1SIqrRC1nZdZ60hD9hRXLg==, tarball: https://registry.npmjs.org/@inquirer/select/-/select-1.3.3.tgz}
    engines: {node: '>=14.18.0'}

  '@inquirer/type@1.5.5':
    resolution: {integrity: sha512-MzICLu4yS7V8AA61sANROZ9vT1H3ooca5dSmI1FjZkzq7o/koMsRfQSzRtFo+F3Ao4Sf1C0bpLKejpKB/+j6MA==, tarball: https://registry.npmjs.org/@inquirer/type/-/type-1.5.5.tgz}
    engines: {node: '>=18'}

  '@pinyin-pro/data@1.3.1':
    resolution: {integrity: sha512-7SLDd8Q31U8lvZ6BtRFaZrTfQ4p01g+q/VFqpMRG0dAAsuBKMl59pAOsbLsRL2m3+SgW0zzztrQyAtHSvijMIQ==, tarball: https://registry.npmjs.org/@pinyin-pro/data/-/data-1.3.1.tgz}

  '@swc/helpers@0.5.19':
    resolution: {integrity: sha512-QamiFeIK3txNjgUTNppE6MiG3p7TdninpZu0E0PbqVh1a9FNLT2FRhisaa4NcaX52XVhA5l7Pk58Ft7Sqi/2sA==, tarball: https://registry.npmjs.org/@swc/helpers/-/helpers-0.5.19.tgz}

  '@tootallnate/once@2.0.0':
    resolution: {integrity: sha512-XCuKFP5PS55gnMVu3dty8KPatLqUoy/ZYzDzAGCQ8JNFCkLXzmI7vNHCR+XpbZaMWQK/vQubr7PkYq8g470J/A==, tarball: https://registry.npmjs.org/@tootallnate/once/-/once-2.0.0.tgz}
    engines: {node: '>= 10'}

  '@types/mute-stream@0.0.4':
    resolution: {integrity: sha512-CPM9nzrCPPJHQNA9keH9CVkVI+WR5kMa+7XEs5jcGQ0VoAGnLv242w8lIVgwAEfmE4oufJRaTc9PNLQl0ioAow==, tarball: https://registry.npmjs.org/@types/mute-stream/-/mute-stream-0.0.4.tgz}

  '@types/node@20.19.37':
    resolution: {integrity: sha512-8kzdPJ3FsNsVIurqBs7oodNnCEVbni9yUEkaHbgptDACOPW04jimGagZ51E6+lXUwJjgnBw+hyko/lkFWCldqw==, tarball: https://registry.npmjs.org/@types/node/-/node-20.19.37.tgz}

  '@types/wrap-ansi@3.0.0':
    resolution: {integrity: sha512-ltIpx+kM7g/MLRZfkbL7EsCEjfzCcScLpkg37eXEtx5kmrAKBkTJwd1GIAjDSL8wTpM6Hzn5YO4pSb91BEwu1g==, tarball: https://registry.npmjs.org/@types/wrap-ansi/-/wrap-ansi-3.0.0.tgz}

  abab@2.0.6:
    resolution: {integrity: sha512-j2afSsaIENvHZN2B8GOpF566vZ5WVk5opAiMTvWgaQT8DkbOqsTfvNAvHoRGU2zzP8cPoqys+xHTRDWW8L+/BA==, tarball: https://registry.npmjs.org/abab/-/abab-2.0.6.tgz}
    deprecated: Use your platform's native atob() and btoa() methods instead

  agent-base@6.0.2:
    resolution: {integrity: sha512-RZNwNclF7+MS/8bDg70amg32dyeZGZxiDuQmZxKLAlQjr3jGyLx+4Kkk58UO7D2QdgFIQCovuSuZESne6RG6XQ==, tarball: https://registry.npmjs.org/agent-base/-/agent-base-6.0.2.tgz}
    engines: {node: '>= 6.0.0'}

  ansi-escapes@4.3.2:
    resolution: {integrity: sha512-gKXj5ALrKWQLsYG9jlTRmR/xKluxHV+Z9QEwNIgCfM1/uwPMCuzVVnh5mwTd+OuBZcwSIMbqssNWRm1lE51QaQ==, tarball: https://registry.npmjs.org/ansi-escapes/-/ansi-escapes-4.3.2.tgz}
    engines: {node: '>=8'}

  ansi-regex@5.0.1:
    resolution: {integrity: sha512-quJQXlTSUGL2LH9SUXo8VwsY4soanhgo6LNSm84E1LBcE8s3O0wpdiRzyR9z/ZZJMlMWv37qOOb9pdJlMUEKFQ==, tarball: https://registry.npmjs.org/ansi-regex/-/ansi-regex-5.0.1.tgz}
    engines: {node: '>=8'}

  ansi-styles@4.3.0:
    resolution: {integrity: sha512-zbB9rCJAT1rbjiVDb2hqKFHNYLxgtk8NURxZ3IZwD3F6NtxbXZQCnnSi1Lkx+IDohdPlFp222wVALIheZJQSEg==, tarball: https://registry.npmjs.org/ansi-styles/-/ansi-styles-4.3.0.tgz}
    engines: {node: '>=8'}

  asynckit@0.4.0:
    resolution: {integrity: sha512-Oei9OH4tRh0YqU3GxhX79dM/mwVgvbZJaSNaRk+bshkj0S5cfHcgYakreBjrHwatXKbz+IoIdYLxrKim2MjW0Q==, tarball: https://registry.npmjs.org/asynckit/-/asynckit-0.4.0.tgz}

  base64-js@1.5.1:
    resolution: {integrity: sha512-AKpaYlHn8t4SVbOHCy+b5+KKgvR4vrsD8vbvrbiQJps7fKDTkjkDry6ji0rUJjC0kzbNePLwzxq8iypo41qeWA==, tarball: https://registry.npmjs.org/base64-js/-/base64-js-1.5.1.tgz}

  brotli@1.3.3:
    resolution: {integrity: sha512-oTKjJdShmDuGW94SyyaoQvAjf30dZaHnjJ8uAF+u2/vGJkJbJPJAT1gDiOJP5v1Zb6f9KEyW/1HpuaWIXtGHPg==, tarball: https://registry.npmjs.org/brotli/-/brotli-1.3.3.tgz}

  call-bind-apply-helpers@1.0.2:
    resolution: {integrity: sha512-Sp1ablJ0ivDkSzjcaJdxEunN5/XvksFJ2sMBFfq6x0ryhQV/2b/KwFe21cMpmHtPOSij8K99/wSfoEuTObmuMQ==, tarball: https://registry.npmjs.org/call-bind-apply-helpers/-/call-bind-apply-helpers-1.0.2.tgz}
    engines: {node: '>= 0.4'}

  chalk@4.1.2:
    resolution: {integrity: sha512-oKnbhFyRIXpUuez8iBMmyEa4nbj4IOQyuhc/wy9kY7/WVPcwIO9VA668Pu8RkO7+0G76SLROeyw9CpQ061i4mA==, tarball: https://registry.npmjs.org/chalk/-/chalk-4.1.2.tgz}
    engines: {node: '>=10'}

  chardet@0.7.0:
    resolution: {integrity: sha512-mT8iDcrh03qDGRRmoA2hmBJnxpllMR+0/0qlzjqZES6NdiWDcZkCNAk4rPFZ9Q85r27unkiNNg8ZOiwZXBHwcA==, tarball: https://registry.npmjs.org/chardet/-/chardet-0.7.0.tgz}

  cli-spinners@2.9.2:
    resolution: {integrity: sha512-ywqV+5MmyL4E7ybXgKys4DugZbX0FC6LnwrhjuykIjnK9k8OQacQ7axGKnjDXWNhns0xot3bZI5h55H8yo9cJg==, tarball: https://registry.npmjs.org/cli-spinners/-/cli-spinners-2.9.2.tgz}
    engines: {node: '>=6'}

  cli-width@4.1.0:
    resolution: {integrity: sha512-ouuZd4/dm2Sw5Gmqy6bGyNNNe1qt9RpmxveLSO7KcgsTnU7RXfsw+/bukWGo1abgBiMAic068rclZsO4IWmmxQ==, tarball: https://registry.npmjs.org/cli-width/-/cli-width-4.1.0.tgz}
    engines: {node: '>= 12'}

  clone@2.1.2:
    resolution: {integrity: sha512-3Pe/CF1Nn94hyhIYpjtiLhdCoEoz0DqQ+988E9gmeEdQZlojxnOb74wctFyuwWQHzqyf9X7C7MG8juUpqBJT8w==, tarball: https://registry.npmjs.org/clone/-/clone-2.1.2.tgz}
    engines: {node: '>=0.8'}

  color-convert@2.0.1:
    resolution: {integrity: sha512-RRECPsj7iu/xb5oKYcsFHSppFNnsj/52OVTRKb4zP5onXwVF3zVmmToNcOfGC+CRDpfK/U584fMg38ZHCaElKQ==, tarball: https://registry.npmjs.org/color-convert/-/color-convert-2.0.1.tgz}
    engines: {node: '>=7.0.0'}

  color-name@1.1.4:
    resolution: {integrity: sha512-dOy+3AuW3a2wNbZHIuMZpTcgjGuLU/uBL/ubcZF9OXbDo8ff4O8yVp5Bf0efS8uEoYo5q4Fx7dY9OgQGXgAsQA==, tarball: https://registry.npmjs.org/color-name/-/color-name-1.1.4.tgz}

  combined-stream@1.0.8:
    resolution: {integrity: sha512-FQN4MRfuJeHf7cBbBMJFXhKSDq+2kAArBlmRBvcvFE5BB1HZKXtSFASDhdlz9zOYwxh8lDdnvmMOe/+5cdoEdg==, tarball: https://registry.npmjs.org/combined-stream/-/combined-stream-1.0.8.tgz}
    engines: {node: '>= 0.8'}

  cssstyle@3.0.0:
    resolution: {integrity: sha512-N4u2ABATi3Qplzf0hWbVCdjenim8F3ojEXpBDF5hBpjzW182MjNGLqfmQ0SkSPeQ+V86ZXgeH8aXj6kayd4jgg==, tarball: https://registry.npmjs.org/cssstyle/-/cssstyle-3.0.0.tgz}
    engines: {node: '>=14'}

  data-urls@4.0.0:
    resolution: {integrity: sha512-/mMTei/JXPqvFqQtfyTowxmJVwr2PVAeCcDxyFf6LhoOu/09TX2OX3kb2wzi4DMXcfj4OItwDOnhl5oziPnT6g==, tarball: https://registry.npmjs.org/data-urls/-/data-urls-4.0.0.tgz}
    engines: {node: '>=14'}

  debug@4.4.3:
    resolution: {integrity: sha512-RGwwWnwQvkVfavKVt22FGLw+xYSdzARwm0ru6DhTVA3umU5hZc28V3kO4stgYryrTlLpuvgI9GiijltAjNbcqA==, tarball: https://registry.npmjs.org/debug/-/debug-4.4.3.tgz}
    engines: {node: '>=6.0'}
    peerDependencies:
      supports-color: '*'
    peerDependenciesMeta:
      supports-color:
        optional: true

  decimal.js@10.6.0:
    resolution: {integrity: sha512-YpgQiITW3JXGntzdUmyUR1V812Hn8T1YVXhCu+wO3OpS4eU9l4YdD3qjyiKdV6mvV29zapkMeD390UVEf2lkUg==, tarball: https://registry.npmjs.org/decimal.js/-/decimal.js-10.6.0.tgz}

  delayed-stream@1.0.0:
    resolution: {integrity: sha512-ZySD7Nf91aLB0RxL4KGrKHBXl7Eds1DAmEdcoVawXnLD7SDhpNgtuII2aAkg7a7QS41jxPSZ17p4VdGnMHk3MQ==, tarball: https://registry.npmjs.org/delayed-stream/-/delayed-stream-1.0.0.tgz}
    engines: {node: '>=0.4.0'}

  dfa@1.2.0:
    resolution: {integrity: sha512-ED3jP8saaweFTjeGX8HQPjeC1YYyZs98jGNZx6IiBvxW7JG5v492kamAQB3m2wop07CvU/RQmzcKr6bgcC5D/Q==, tarball: https://registry.npmjs.org/dfa/-/dfa-1.2.0.tgz}

  domexception@4.0.0:
    resolution: {integrity: sha512-A2is4PLG+eeSfoTMA95/s4pvAoSo2mKtiM5jlHkAVewmiO8ISFTFKZjH7UAM1Atli/OT/7JHOrJRJiMKUZKYBw==, tarball: https://registry.npmjs.org/domexception/-/domexception-4.0.0.tgz}
    engines: {node: '>=12'}
    deprecated: Use your platform's native DOMException instead

  dunder-proto@1.0.1:
    resolution: {integrity: sha512-KIN/nDJBQRcXw0MLVhZE9iQHmG68qAVIBg9CqmUYjmQIhgij9U5MFvrqkUL5FbtyyzZuOeOt0zdeRe4UY7ct+A==, tarball: https://registry.npmjs.org/dunder-proto/-/dunder-proto-1.0.1.tgz}
    engines: {node: '>= 0.4'}

  emoji-regex@8.0.0:
    resolution: {integrity: sha512-MSjYzcWNOA0ewAHpz0MxpYFvwg6yjy1NG3xteoqz644VCo/RPgnr1/GGt+ic3iJTzQ8Eu3TdM14SawnVUmGE6A==, tarball: https://registry.npmjs.org/emoji-regex/-/emoji-regex-8.0.0.tgz}

  entities@6.0.1:
    resolution: {integrity: sha512-aN97NXWF6AWBTahfVOIrB/NShkzi5H7F9r1s9mD3cDj4Ko5f2qhhVoYMibXF7GlLveb/D2ioWay8lxI97Ven3g==, tarball: https://registry.npmjs.org/entities/-/entities-6.0.1.tgz}
    engines: {node: '>=0.12'}

  es-define-property@1.0.1:
    resolution: {integrity: sha512-e3nRfgfUZ4rNGL232gUgX06QNyyez04KdjFrF+LTRoOXmrOgFKDg4BCdsjW8EnT69eqdYGmRpJwiPVYNrCaW3g==, tarball: https://registry.npmjs.org/es-define-property/-/es-define-property-1.0.1.tgz}
    engines: {node: '>= 0.4'}

  es-errors@1.3.0:
    resolution: {integrity: sha512-Zf5H2Kxt2xjTvbJvP2ZWLEICxA6j+hAmMzIlypy4xcBg1vKVnx89Wy0GbS+kf5cwCVFFzdCFh2XSCFNULS6csw==, tarball: https://registry.npmjs.org/es-errors/-/es-errors-1.3.0.tgz}
    engines: {node: '>= 0.4'}

  es-object-atoms@1.1.1:
    resolution: {integrity: sha512-FGgH2h8zKNim9ljj7dankFPcICIK9Cp5bm+c2gQSYePhpaG5+esrLODihIorn+Pe6FGJzWhXQotPv73jTaldXA==, tarball: https://registry.npmjs.org/es-object-atoms/-/es-object-atoms-1.1.1.tgz}
    engines: {node: '>= 0.4'}

  es-set-tostringtag@2.1.0:
    resolution: {integrity: sha512-j6vWzfrGVfyXxge+O0x5sh6cvxAog0a/4Rdd2K36zCMV5eJ+/+tOAngRO8cODMNWbVRdVlmGZQL2YS3yR8bIUA==, tarball: https://registry.npmjs.org/es-set-tostringtag/-/es-set-tostringtag-2.1.0.tgz}
    engines: {node: '>= 0.4'}

  escape-string-regexp@1.0.5:
    resolution: {integrity: sha512-vbRorB5FUQWvla16U8R/qgaFIya2qGzwDrNmCZuYKrbdSUMG6I1ZCGQRefkRVhuOkIGVne7BQ35DSfo1qvJqFg==, tarball: https://registry.npmjs.org/escape-string-regexp/-/escape-string-regexp-1.0.5.tgz}
    engines: {node: '>=0.8.0'}

  external-editor@3.1.0:
    resolution: {integrity: sha512-hMQ4CX1p1izmuLYyZqLMO/qGNw10wSv9QDCPfzXfyFrOaCSSoRfqE1Kf1s5an66J5JZC62NewG+mK49jOCtQew==, tarball: https://registry.npmjs.org/external-editor/-/external-editor-3.1.0.tgz}
    engines: {node: '>=4'}

  fast-deep-equal@3.1.3:
    resolution: {integrity: sha512-f3qQ9oQy9j2AhBe/H9VC91wLmKBCCU/gDOnKNAYG5hswO7BLKj09Hc5HYNz9cGI++xlpDCIgDaitVs03ATR84Q==, tarball: https://registry.npmjs.org/fast-deep-equal/-/fast-deep-equal-3.1.3.tgz}

  figures@3.2.0:
    resolution: {integrity: sha512-yaduQFRKLXYOGgEn6AZau90j3ggSOyiqXU0F9JZfeXYhNa+Jk4X+s45A2zg5jns87GAFa34BBm2kXw4XpNcbdg==, tarball: https://registry.npmjs.org/figures/-/figures-3.2.0.tgz}
    engines: {node: '>=8'}

  fontkit@2.0.4:
    resolution: {integrity: sha512-syetQadaUEDNdxdugga9CpEYVaQIxOwk7GlwZWWZ19//qW4zE5bknOKeMBDYAASwnpaSHKJITRLMF9m1fp3s6g==, tarball: https://registry.npmjs.org/fontkit/-/fontkit-2.0.4.tgz}

  form-data@4.0.5:
    resolution: {integrity: sha512-8RipRLol37bNs2bhoV67fiTEvdTrbMUYcFTiy3+wuuOnUog2QBHCZWXDRijWQfAkhBj2Uf5UnVaiWwA5vdd82w==, tarball: https://registry.npmjs.org/form-data/-/form-data-4.0.5.tgz}
    engines: {node: '>= 6'}

  function-bind@1.1.2:
    resolution: {integrity: sha512-7XHNxH7qX9xG5mIwxkhumTox/MIRNcOgDrxWsMt2pAr23WHp6MrRlN7FBSFpCpr+oVO0F744iUgR82nJMfG2SA==, tarball: https://registry.npmjs.org/function-bind/-/function-bind-1.1.2.tgz}

  get-intrinsic@1.3.0:
    resolution: {integrity: sha512-9fSjSaos/fRIVIp+xSJlE6lfwhES7LNtKaCBIamHsjr2na1BiABJPo0mOjjz8GJDURarmCPGqaiVg5mfjb98CQ==, tarball: https://registry.npmjs.org/get-intrinsic/-/get-intrinsic-1.3.0.tgz}
    engines: {node: '>= 0.4'}

  get-proto@1.0.1:
    resolution: {integrity: sha512-sTSfBjoXBp89JvIKIefqw7U2CCebsc74kiY6awiGogKtoSGbgjYE/G/+l9sF3MWFPNc9IcoOC4ODfKHfxFmp0g==, tarball: https://registry.npmjs.org/get-proto/-/get-proto-1.0.1.tgz}
    engines: {node: '>= 0.4'}

  get-system-fonts@2.0.2:
    resolution: {integrity: sha512-zzlgaYnHMIEgHRrfC7x0Qp0Ylhw/sHpM6MHXeVBTYIsvGf5GpbnClB+Q6rAPdn+0gd2oZZIo6Tj3EaWrt4VhDQ==, tarball: https://registry.npmjs.org/get-system-fonts/-/get-system-fonts-2.0.2.tgz}
    engines: {node: '>8.0.0'}

  gopd@1.2.0:
    resolution: {integrity: sha512-ZUKRh6/kUFoAiTAtTYPZJ3hw9wNxx+BIBOijnlG9PnrJsCcSjs1wyyD6vJpaYtgnzDrKYRSqf3OO6Rfa93xsRg==, tarball: https://registry.npmjs.org/gopd/-/gopd-1.2.0.tgz}
    engines: {node: '>= 0.4'}

  grapheme-splitter@1.0.4:
    resolution: {integrity: sha512-bzh50DW9kTPM00T8y4o8vQg89Di9oLJVLW/KaOGIXJWP/iqCN6WKYkbNOF04vFLJhwcpYUh9ydh/+5vpOqV4YQ==, tarball: https://registry.npmjs.org/grapheme-splitter/-/grapheme-splitter-1.0.4.tgz}

  has-flag@4.0.0:
    resolution: {integrity: sha512-EykJT/Q1KjTWctppgIAgfSO0tKVuZUjhgMr17kqTumMl6Afv3EISleU7qZUzoXDFTAHTDC4NOoG/ZxU3EvlMPQ==, tarball: https://registry.npmjs.org/has-flag/-/has-flag-4.0.0.tgz}
    engines: {node: '>=8'}

  has-symbols@1.1.0:
    resolution: {integrity: sha512-1cDNdwJ2Jaohmb3sg4OmKaMBwuC48sYni5HUw2DvsC8LjGTLK9h+eb1X6RyuOHe4hT0ULCW68iomhjUoKUqlPQ==, tarball: https://registry.npmjs.org/has-symbols/-/has-symbols-1.1.0.tgz}
    engines: {node: '>= 0.4'}

  has-tostringtag@1.0.2:
    resolution: {integrity: sha512-NqADB8VjPFLM2V0VvHUewwwsw0ZWBaIdgo+ieHtK3hasLz4qeCRjYcqfB6AQrBggRKppKF8L52/VqdVsO47Dlw==, tarball: https://registry.npmjs.org/has-tostringtag/-/has-tostringtag-1.0.2.tgz}
    engines: {node: '>= 0.4'}

  hasown@2.0.2:
    resolution: {integrity: sha512-0hJU9SCPvmMzIBdZFqNPXWa6dqh7WdH0cII9y+CyS8rG3nL48Bclra9HmKhVVUHyPWNH5Y7xDwAB7bfgSjkUMQ==, tarball: https://registry.npmjs.org/hasown/-/hasown-2.0.2.tgz}
    engines: {node: '>= 0.4'}

  html-encoding-sniffer@3.0.0:
    resolution: {integrity: sha512-oWv4T4yJ52iKrufjnyZPkrN0CH3QnrUqdB6In1g5Fe1mia8GmF36gnfNySxoZtxD5+NmYw1EElVXiBk93UeskA==, tarball: https://registry.npmjs.org/html-encoding-sniffer/-/html-encoding-sniffer-3.0.0.tgz}
    engines: {node: '>=12'}

  http-proxy-agent@5.0.0:
    resolution: {integrity: sha512-n2hY8YdoRE1i7r6M0w9DIw5GgZN0G25P8zLCRQ8rjXtTU3vsNFBI/vWK/UIeE6g5MUUz6avwAPXmL6Fy9D/90w==, tarball: https://registry.npmjs.org/http-proxy-agent/-/http-proxy-agent-5.0.0.tgz}
    engines: {node: '>= 6'}

  https-proxy-agent@5.0.1:
    resolution: {integrity: sha512-dFcAjpTQFgoLMzC2VwU+C/CbS7uRL0lWmxDITmqm7C+7F0Odmj6s9l6alZc6AELXhrnggM2CeWSXHGOdX2YtwA==, tarball: https://registry.npmjs.org/https-proxy-agent/-/https-proxy-agent-5.0.1.tgz}
    engines: {node: '>= 6'}

  iconv-lite@0.4.24:
    resolution: {integrity: sha512-v3MXnZAcvnywkTUEZomIActle7RXXeedOR31wwl7VlyoXO4Qi9arvSenNQWne1TcRwhCL1HwLI21bEqdpj8/rA==, tarball: https://registry.npmjs.org/iconv-lite/-/iconv-lite-0.4.24.tgz}
    engines: {node: '>=0.10.0'}

  iconv-lite@0.6.3:
    resolution: {integrity: sha512-4fCk79wshMdzMp2rH06qWrJE4iolqLhCUH+OiuIgU++RB0+94NlDL81atO7GX55uUKueo0txHNtvEyI6D7WdMw==, tarball: https://registry.npmjs.org/iconv-lite/-/iconv-lite-0.6.3.tgz}
    engines: {node: '>=0.10.0'}

  is-fullwidth-code-point@3.0.0:
    resolution: {integrity: sha512-zymm5+u+sCsSWyD9qNaejV3DFvhCKclKdizYaJUuHA83RLjb7nSuGnddCHGv0hk+KY7BMAlsWeK4Ueg6EV6XQg==, tarball: https://registry.npmjs.org/is-fullwidth-code-point/-/is-fullwidth-code-point-3.0.0.tgz}
    engines: {node: '>=8'}

  is-potential-custom-element-name@1.0.1:
    resolution: {integrity: sha512-bCYeRA2rVibKZd+s2625gGnGF/t7DSqDs4dP7CrLA1m7jKWz6pps0LpYLJN8Q64HtmPKJ1hrN3nzPNKFEKOUiQ==, tarball: https://registry.npmjs.org/is-potential-custom-element-name/-/is-potential-custom-element-name-1.0.1.tgz}

  jsdom@22.1.0:
    resolution: {integrity: sha512-/9AVW7xNbsBv6GfWho4TTNjEo9fe6Zhf9O7s0Fhhr3u+awPwAJMKwAMXnkk5vBxflqLW9hTHX/0cs+P3gW+cQw==, tarball: https://registry.npmjs.org/jsdom/-/jsdom-22.1.0.tgz}
    engines: {node: '>=16'}
    peerDependencies:
      canvas: ^2.5.0
    peerDependenciesMeta:
      canvas:
        optional: true

  math-intrinsics@1.1.0:
    resolution: {integrity: sha512-/IXtbwEk5HTPyEwyKX6hGkYXxM9nbj64B+ilVJnC/R6B0pH5G4V3b0pVbL7DBj4tkhBAppbQUlf6F6Xl9LHu1g==, tarball: https://registry.npmjs.org/math-intrinsics/-/math-intrinsics-1.1.0.tgz}
    engines: {node: '>= 0.4'}

  mime-db@1.52.0:
    resolution: {integrity: sha512-sPU4uV7dYlvtWJxwwxHD0PuihVNiE7TyAbQ5SWxDCB9mUYvOgroQOwYQQOKPJ8CIbE+1ETVlOoK1UC2nU3gYvg==, tarball: https://registry.npmjs.org/mime-db/-/mime-db-1.52.0.tgz}
    engines: {node: '>= 0.6'}

  mime-types@2.1.35:
    resolution: {integrity: sha512-ZDY+bPm5zTTF+YpCrAU9nK0UgICYPT0QtT1NZWFv4s++TNkcgVaT0g6+4R2uI4MjQjzysHB1zxuWL50hzaeXiw==, tarball: https://registry.npmjs.org/mime-types/-/mime-types-2.1.35.tgz}
    engines: {node: '>= 0.6'}

  ms@2.1.3:
    resolution: {integrity: sha512-6FlzubTLZG3J2a/NVCAleEhjzq5oxgHyaCU9yYXvcLsvoVaHJq/s5xXI6/XXP6tz7R9xAOtHnSO/tXtF3WRTlA==, tarball: https://registry.npmjs.org/ms/-/ms-2.1.3.tgz}

  mute-stream@1.0.0:
    resolution: {integrity: sha512-avsJQhyd+680gKXyG/sQc0nXaC6rBkPOfyHYcFb9+hdkqQkR9bdnkJ0AMZhke0oesPqIO+mFFJ+IdBc7mst4IA==, tarball: https://registry.npmjs.org/mute-stream/-/mute-stream-1.0.0.tgz}
    engines: {node: ^14.17.0 || ^16.13.0 || >=18.0.0}

  nwsapi@2.2.23:
    resolution: {integrity: sha512-7wfH4sLbt4M0gCDzGE6vzQBo0bfTKjU7Sfpqy/7gs1qBfYz2vEJH6vXcBKpO3+6Yu1telwd0t9HpyOoLEQQbIQ==, tarball: https://registry.npmjs.org/nwsapi/-/nwsapi-2.2.23.tgz}

  os-tmpdir@1.0.2:
    resolution: {integrity: sha512-D2FR03Vir7FIu45XBY20mTb+/ZSWB00sjU9jdQXt83gDrI4Ztz5Fs7/yy74g2N5SVQY4xY1qDr4rNddwYRVX0g==, tarball: https://registry.npmjs.org/os-tmpdir/-/os-tmpdir-1.0.2.tgz}
    engines: {node: '>=0.10.0'}

  pako@0.2.9:
    resolution: {integrity: sha512-NUcwaKxUxWrZLpDG+z/xZaCgQITkA/Dv4V/T6bw7VON6l1Xz/VnrBqrYjZQ12TamKHzITTfOEIYUj48y2KXImA==, tarball: https://registry.npmjs.org/pako/-/pako-0.2.9.tgz}

  parse5@7.3.0:
    resolution: {integrity: sha512-IInvU7fabl34qmi9gY8XOVxhYyMyuH2xUNpb2q8/Y+7552KlejkRvqvD19nMoUW/uQGGbqNpA6Tufu5FL5BZgw==, tarball: https://registry.npmjs.org/parse5/-/parse5-7.3.0.tgz}

  pinyin-pro@3.28.0:
    resolution: {integrity: sha512-mMRty6RisoyYNphJrTo3pnvp3w8OMZBrXm9YSWkxhAfxKj1KZk2y8T2PDIZlDDRsvZ0No+Hz6FI4sZpA6Ey25g==, tarball: https://registry.npmjs.org/pinyin-pro/-/pinyin-pro-3.28.0.tgz}

  psl@1.15.0:
    resolution: {integrity: sha512-JZd3gMVBAVQkSs6HdNZo9Sdo0LNcQeMNP3CozBJb3JYC/QUYZTnKxP+f8oWRX4rHP5EurWxqAHTSwUCjlNKa1w==, tarball: https://registry.npmjs.org/psl/-/psl-1.15.0.tgz}

  punycode@2.3.1:
    resolution: {integrity: sha512-vYt7UD1U9Wg6138shLtLOvdAu+8DsC/ilFtEVHcH+wydcSpNE20AfSOduf6MkRFahL5FY7X1oU7nKVZFtfq8Fg==, tarball: https://registry.npmjs.org/punycode/-/punycode-2.3.1.tgz}
    engines: {node: '>=6'}

  querystringify@2.2.0:
    resolution: {integrity: sha512-FIqgj2EUvTa7R50u0rGsyTftzjYmv/a3hO345bZNrqabNqjtgiDMgmo4mkUjd+nzU5oF3dClKqFIPUKybUyqoQ==, tarball: https://registry.npmjs.org/querystringify/-/querystringify-2.2.0.tgz}

  requires-port@1.0.0:
    resolution: {integrity: sha512-KigOCHcocU3XODJxsu8i/j8T9tzT4adHiecwORRQ0ZZFcp7ahwXuRU1m+yuO90C5ZUyGeGfocHDI14M3L3yDAQ==, tarball: https://registry.npmjs.org/requires-port/-/requires-port-1.0.0.tgz}

  restructure@3.0.2:
    resolution: {integrity: sha512-gSfoiOEA0VPE6Tukkrr7I0RBdE0s7H1eFCDBk05l1KIQT1UIKNc5JZy6jdyW6eYH3aR3g5b3PuL77rq0hvwtAw==, tarball: https://registry.npmjs.org/restructure/-/restructure-3.0.2.tgz}

  rrweb-cssom@0.6.0:
    resolution: {integrity: sha512-APM0Gt1KoXBz0iIkkdB/kfvGOwC4UuJFeG/c+yV7wSc7q96cG/kJ0HiYCnzivD9SB53cLV1MlHFNfOuPaadYSw==, tarball: https://registry.npmjs.org/rrweb-cssom/-/rrweb-cssom-0.6.0.tgz}

  run-async@3.0.0:
    resolution: {integrity: sha512-540WwVDOMxA6dN6We19EcT9sc3hkXPw5mzRNGM3FkdN/vtE9NFvj5lFAPNwUDmJjXidm3v7TC1cTE7t17Ulm1Q==, tarball: https://registry.npmjs.org/run-async/-/run-async-3.0.0.tgz}
    engines: {node: '>=0.12.0'}

  safer-buffer@2.1.2:
    resolution: {integrity: sha512-YZo3K82SD7Riyi0E1EQPojLz7kpepnSQI9IyPbHHg1XXXevb5dJI7tpyN2ADxGcQbHG7vcyRHk0cbwqcQriUtg==, tarball: https://registry.npmjs.org/safer-buffer/-/safer-buffer-2.1.2.tgz}

  saxes@6.0.0:
    resolution: {integrity: sha512-xAg7SOnEhrm5zI3puOOKyy1OMcMlIJZYNJY7xLBwSze0UjhPLnWfj2GF2EpT0jmzaJKIWKHLsaSSajf35bcYnA==, tarball: https://registry.npmjs.org/saxes/-/saxes-6.0.0.tgz}
    engines: {node: '>=v12.22.7'}

  signal-exit@4.1.0:
    resolution: {integrity: sha512-bzyZ1e88w9O1iNJbKnOlvYTrWPDl46O1bG0D3XInv+9tkPrxrN8jUUTiFlDkkmKWgn1M6CfIA13SuGqOa9Korw==, tarball: https://registry.npmjs.org/signal-exit/-/signal-exit-4.1.0.tgz}
    engines: {node: '>=14'}

  string-width@4.2.3:
    resolution: {integrity: sha512-wKyQRQpjJ0sIp62ErSZdGsjMJWsap5oRNihHhu6G7JVO/9jIB6UyevL+tXuOqrng8j/cxKTWyWUwvSTriiZz/g==, tarball: https://registry.npmjs.org/string-width/-/string-width-4.2.3.tgz}
    engines: {node: '>=8'}

  strip-ansi@6.0.1:
    resolution: {integrity: sha512-Y38VPSHcqkFrCpFnQ9vuSXmquuv5oXOKpGeT6aGrr3o3Gc9AlVa6JBfUSOCnbxGGZF+/0ooI7KrPuUSztUdU5A==, tarball: https://registry.npmjs.org/strip-ansi/-/strip-ansi-6.0.1.tgz}
    engines: {node: '>=8'}

  supports-color@7.2.0:
    resolution: {integrity: sha512-qpCAvRl9stuOHveKsn7HncJRvv501qIacKzQlO/+Lwxc9+0q2wLyv4Dfvt80/DPn2pqOBsJdDiogXGR9+OvwRw==, tarball: https://registry.npmjs.org/supports-color/-/supports-color-7.2.0.tgz}
    engines: {node: '>=8'}

  symbol-tree@3.2.4:
    resolution: {integrity: sha512-9QNk5KwDF+Bvz+PyObkmSYjI5ksVUYtjW7AU22r2NKcfLJcXp96hkDWU3+XndOsUb+AQ9QhfzfCT2O+CNWT5Tw==, tarball: https://registry.npmjs.org/symbol-tree/-/symbol-tree-3.2.4.tgz}

  tiny-inflate@1.0.3:
    resolution: {integrity: sha512-pkY1fj1cKHb2seWDy0B16HeWyczlJA9/WW3u3c4z/NiWDsO3DOU5D7nhTLE9CF0yXv/QZFY7sEJmj24dK+Rrqw==, tarball: https://registry.npmjs.org/tiny-inflate/-/tiny-inflate-1.0.3.tgz}

  tmp@0.0.33:
    resolution: {integrity: sha512-jRCJlojKnZ3addtTOjdIqoRuPEKBvNXcGYqzO6zWZX8KfKEpnGY5jfggJQ3EjKuu8D4bJRr0y+cYJFmYbImXGw==, tarball: https://registry.npmjs.org/tmp/-/tmp-0.0.33.tgz}
    engines: {node: '>=0.6.0'}

  tough-cookie@4.1.4:
    resolution: {integrity: sha512-Loo5UUvLD9ScZ6jh8beX1T6sO1w2/MpCRpEP7V280GKMVUQ0Jzar2U3UJPsrdbziLEMMhu3Ujnq//rhiFuIeag==, tarball: https://registry.npmjs.org/tough-cookie/-/tough-cookie-4.1.4.tgz}
    engines: {node: '>=6'}

  tr46@4.1.1:
    resolution: {integrity: sha512-2lv/66T7e5yNyhAAC4NaKe5nVavzuGJQVVtRYLyQ2OI8tsJ61PMLlelehb0wi2Hx6+hT/OJUWZcw8MjlSRnxvw==, tarball: https://registry.npmjs.org/tr46/-/tr46-4.1.1.tgz}
    engines: {node: '>=14'}

  tslib@2.8.1:
    resolution: {integrity: sha512-oJFu94HQb+KVduSUQL7wnpmqnfmLsOA/nAh6b6EH0wCEoK0/mPeXU6c3wKDV83MkOuHPRHtSXKKU99IBazS/2w==, tarball: https://registry.npmjs.org/tslib/-/tslib-2.8.1.tgz}

  type-fest@0.21.3:
    resolution: {integrity: sha512-t0rzBq87m3fVcduHDUFhKmyyX+9eo6WQjZvf51Ea/M0Q7+T374Jp1aUiyUl0GKxp8M/OETVHSDvmkyPgvX+X2w==, tarball: https://registry.npmjs.org/type-fest/-/type-fest-0.21.3.tgz}
    engines: {node: '>=10'}

  undici-types@6.21.0:
    resolution: {integrity: sha512-iwDZqg0QAGrg9Rav5H4n0M64c3mkR59cJ6wQp+7C4nI0gsmExaedaYLNO44eT4AtBBwjbTiGPMlt2Md0T9H9JQ==, tarball: https://registry.npmjs.org/undici-types/-/undici-types-6.21.0.tgz}

  unicode-properties@1.4.1:
    resolution: {integrity: sha512-CLjCCLQ6UuMxWnbIylkisbRj31qxHPAurvena/0iwSVbQ2G1VY5/HjV0IRabOEbDHlzZlRdCrD4NhB0JtU40Pg==, tarball: https://registry.npmjs.org/unicode-properties/-/unicode-properties-1.4.1.tgz}

  unicode-trie@2.0.0:
    resolution: {integrity: sha512-x7bc76x0bm4prf1VLg79uhAzKw8DVboClSN5VxJuQ+LKDOVEW9CdH+VY7SP+vX7xCYQqzzgQpFqz15zeLvAtZQ==, tarball: https://registry.npmjs.org/unicode-trie/-/unicode-trie-2.0.0.tgz}

  universalify@0.2.0:
    resolution: {integrity: sha512-CJ1QgKmNg3CwvAv/kOFmtnEN05f0D/cn9QntgNOQlQF9dgvVTHj3t+8JPdjqawCHk7V/KA+fbUqzZ9XWhcqPUg==, tarball: https://registry.npmjs.org/universalify/-/universalify-0.2.0.tgz}
    engines: {node: '>= 4.0.0'}

  url-parse@1.5.10:
    resolution: {integrity: sha512-WypcfiRhfeUP9vvF0j6rw0J3hrWrw6iZv3+22h6iRMJ/8z1Tj6XfLP4DsUix5MhMPnXpiHDoKyoZ/bdCkwBCiQ==, tarball: https://registry.npmjs.org/url-parse/-/url-parse-1.5.10.tgz}

  w3c-xmlserializer@4.0.0:
    resolution: {integrity: sha512-d+BFHzbiCx6zGfz0HyQ6Rg69w9k19nviJspaj4yNscGjrHu94sVP+aRm75yEbCh+r2/yR+7q6hux9LVtbuTGBw==, tarball: https://registry.npmjs.org/w3c-xmlserializer/-/w3c-xmlserializer-4.0.0.tgz}
    engines: {node: '>=14'}

  webidl-conversions@7.0.0:
    resolution: {integrity: sha512-VwddBukDzu71offAQR975unBIGqfKZpM+8ZX6ySk8nYhVoo5CYaZyzt3YBvYtRtO+aoGlqxPg/B87NGVZ/fu6g==, tarball: https://registry.npmjs.org/webidl-conversions/-/webidl-conversions-7.0.0.tgz}
    engines: {node: '>=12'}

  whatwg-encoding@2.0.0:
    resolution: {integrity: sha512-p41ogyeMUrw3jWclHWTQg1k05DSVXPLcVxRTYsXUk+ZooOCZLcoYgPZ/HL/D/N+uQPOtcp1me1WhBEaX02mhWg==, tarball: https://registry.npmjs.org/whatwg-encoding/-/whatwg-encoding-2.0.0.tgz}
    engines: {node: '>=12'}
    deprecated: Use @exodus/bytes instead for a more spec-conformant and faster implementation

  whatwg-mimetype@3.0.0:
    resolution: {integrity: sha512-nt+N2dzIutVRxARx1nghPKGv1xHikU7HKdfafKkLNLindmPU/ch3U31NOCGGA/dmPcmb1VlofO0vnKAcsm0o/Q==, tarball: https://registry.npmjs.org/whatwg-mimetype/-/whatwg-mimetype-3.0.0.tgz}
    engines: {node: '>=12'}

  whatwg-url@12.0.1:
    resolution: {integrity: sha512-Ed/LrqB8EPlGxjS+TrsXcpUond1mhccS3pchLhzSgPCnTimUCKj3IZE75pAs5m6heB2U2TMerKFUXheyHY+VDQ==, tarball: https://registry.npmjs.org/whatwg-url/-/whatwg-url-12.0.1.tgz}
    engines: {node: '>=14'}

  wrap-ansi@6.2.0:
    resolution: {integrity: sha512-r6lPcBGxZXlIcymEu7InxDMhdW0KDxpLgoFLcguasxCaJ/SOIZwINatK9KY/tf+ZrlywOKU0UDj3ATXUBfxJXA==, tarball: https://registry.npmjs.org/wrap-ansi/-/wrap-ansi-6.2.0.tgz}
    engines: {node: '>=8'}

  ws@8.19.0:
    resolution: {integrity: sha512-blAT2mjOEIi0ZzruJfIhb3nps74PRWTCz1IjglWEEpQl5XS/UNama6u2/rjFkDDouqr4L67ry+1aGIALViWjDg==, tarball: https://registry.npmjs.org/ws/-/ws-8.19.0.tgz}
    engines: {node: '>=10.0.0'}
    peerDependencies:
      bufferutil: ^4.0.1
      utf-8-validate: '>=5.0.2'
    peerDependenciesMeta:
      bufferutil:
        optional: true
      utf-8-validate:
        optional: true

  xml-name-validator@4.0.0:
    resolution: {integrity: sha512-ICP2e+jsHvAj2E2lIHxa5tjXRlKDJo4IdvPvCXbXQGdzSfmSpNVyIKMvoZHjDY9DP0zV17iI85o90vRFXNccRw==, tarball: https://registry.npmjs.org/xml-name-validator/-/xml-name-validator-4.0.0.tgz}
    engines: {node: '>=12'}

  xmlchars@2.2.0:
    resolution: {integrity: sha512-JZnDKK8B0RCDw84FNdDAIpZK+JuJw+s7Lz8nksI7SIuU3UXJJslUthsi+uWBUYOwPFwW7W7PRLRfUKpxjtjFCw==, tarball: https://registry.npmjs.org/xmlchars/-/xmlchars-2.2.0.tgz}

snapshots:

  '@inquirer/checkbox@1.5.2':
    dependencies:
      '@inquirer/core': 6.0.0
      '@inquirer/type': 1.5.5
      ansi-escapes: 4.3.2
      chalk: 4.1.2
      figures: 3.2.0

  '@inquirer/confirm@2.0.17':
    dependencies:
      '@inquirer/core': 6.0.0
      '@inquirer/type': 1.5.5
      chalk: 4.1.2

  '@inquirer/core@6.0.0':
    dependencies:
      '@inquirer/type': 1.5.5
      '@types/mute-stream': 0.0.4
      '@types/node': 20.19.37
      '@types/wrap-ansi': 3.0.0
      ansi-escapes: 4.3.2
      chalk: 4.1.2
      cli-spinners: 2.9.2
      cli-width: 4.1.0
      figures: 3.2.0
      mute-stream: 1.0.0
      run-async: 3.0.0
      signal-exit: 4.1.0
      strip-ansi: 6.0.1
      wrap-ansi: 6.2.0

  '@inquirer/editor@1.2.15':
    dependencies:
      '@inquirer/core': 6.0.0
      '@inquirer/type': 1.5.5
      chalk: 4.1.2
      external-editor: 3.1.0

  '@inquirer/expand@1.1.16':
    dependencies:
      '@inquirer/core': 6.0.0
      '@inquirer/type': 1.5.5
      chalk: 4.1.2
      figures: 3.2.0

  '@inquirer/input@1.2.16':
    dependencies:
      '@inquirer/core': 6.0.0
      '@inquirer/type': 1.5.5
      chalk: 4.1.2

  '@inquirer/password@1.1.16':
    dependencies:
      '@inquirer/core': 6.0.0
      '@inquirer/type': 1.5.5
      ansi-escapes: 4.3.2
      chalk: 4.1.2

  '@inquirer/prompts@3.3.2':
    dependencies:
      '@inquirer/checkbox': 1.5.2
      '@inquirer/confirm': 2.0.17
      '@inquirer/core': 6.0.0
      '@inquirer/editor': 1.2.15
      '@inquirer/expand': 1.1.16
      '@inquirer/input': 1.2.16
      '@inquirer/password': 1.1.16
      '@inquirer/rawlist': 1.2.16
      '@inquirer/select': 1.3.3

  '@inquirer/rawlist@1.2.16':
    dependencies:
      '@inquirer/core': 6.0.0
      '@inquirer/type': 1.5.5
      chalk: 4.1.2

  '@inquirer/select@1.3.3':
    dependencies:
      '@inquirer/core': 6.0.0
      '@inquirer/type': 1.5.5
      ansi-escapes: 4.3.2
      chalk: 4.1.2
      figures: 3.2.0

  '@inquirer/type@1.5.5':
    dependencies:
      mute-stream: 1.0.0

  '@pinyin-pro/data@1.3.1': {}

  '@swc/helpers@0.5.19':
    dependencies:
      tslib: 2.8.1

  '@tootallnate/once@2.0.0': {}

  '@types/mute-stream@0.0.4':
    dependencies:
      '@types/node': 20.19.37

  '@types/node@20.19.37':
    dependencies:
      undici-types: 6.21.0

  '@types/wrap-ansi@3.0.0': {}

  abab@2.0.6: {}

  agent-base@6.0.2:
    dependencies:
      debug: 4.4.3
    transitivePeerDependencies:
      - supports-color

  ansi-escapes@4.3.2:
    dependencies:
      type-fest: 0.21.3

  ansi-regex@5.0.1: {}

  ansi-styles@4.3.0:
    dependencies:
      color-convert: 2.0.1

  asynckit@0.4.0: {}

  base64-js@1.5.1: {}

  brotli@1.3.3:
    dependencies:
      base64-js: 1.5.1

  call-bind-apply-helpers@1.0.2:
    dependencies:
      es-errors: 1.3.0
      function-bind: 1.1.2

  chalk@4.1.2:
    dependencies:
      ansi-styles: 4.3.0
      supports-color: 7.2.0

  chardet@0.7.0: {}

  cli-spinners@2.9.2: {}

  cli-width@4.1.0: {}

  clone@2.1.2: {}

  color-convert@2.0.1:
    dependencies:
      color-name: 1.1.4

  color-name@1.1.4: {}

  combined-stream@1.0.8:
    dependencies:
      delayed-stream: 1.0.0

  cssstyle@3.0.0:
    dependencies:
      rrweb-cssom: 0.6.0

  data-urls@4.0.0:
    dependencies:
      abab: 2.0.6
      whatwg-mimetype: 3.0.0
      whatwg-url: 12.0.1

  debug@4.4.3:
    dependencies:
      ms: 2.1.3

  decimal.js@10.6.0: {}

  delayed-stream@1.0.0: {}

  dfa@1.2.0: {}

  domexception@4.0.0:
    dependencies:
      webidl-conversions: 7.0.0

  dunder-proto@1.0.1:
    dependencies:
      call-bind-apply-helpers: 1.0.2
      es-errors: 1.3.0
      gopd: 1.2.0

  emoji-regex@8.0.0: {}

  entities@6.0.1: {}

  es-define-property@1.0.1: {}

  es-errors@1.3.0: {}

  es-object-atoms@1.1.1:
    dependencies:
      es-errors: 1.3.0

  es-set-tostringtag@2.1.0:
    dependencies:
      es-errors: 1.3.0
      get-intrinsic: 1.3.0
      has-tostringtag: 1.0.2
      hasown: 2.0.2

  escape-string-regexp@1.0.5: {}

  external-editor@3.1.0:
    dependencies:
      chardet: 0.7.0
      iconv-lite: 0.4.24
      tmp: 0.0.33

  fast-deep-equal@3.1.3: {}

  figures@3.2.0:
    dependencies:
      escape-string-regexp: 1.0.5

  fontkit@2.0.4:
    dependencies:
      '@swc/helpers': 0.5.19
      brotli: 1.3.3
      clone: 2.1.2
      dfa: 1.2.0
      fast-deep-equal: 3.1.3
      restructure: 3.0.2
      tiny-inflate: 1.0.3
      unicode-properties: 1.4.1
      unicode-trie: 2.0.0

  form-data@4.0.5:
    dependencies:
      asynckit: 0.4.0
      combined-stream: 1.0.8
      es-set-tostringtag: 2.1.0
      hasown: 2.0.2
      mime-types: 2.1.35

  function-bind@1.1.2: {}

  get-intrinsic@1.3.0:
    dependencies:
      call-bind-apply-helpers: 1.0.2
      es-define-property: 1.0.1
      es-errors: 1.3.0
      es-object-atoms: 1.1.1
      function-bind: 1.1.2
      get-proto: 1.0.1
      gopd: 1.2.0
      has-symbols: 1.1.0
      hasown: 2.0.2
      math-intrinsics: 1.1.0

  get-proto@1.0.1:
    dependencies:
      dunder-proto: 1.0.1
      es-object-atoms: 1.1.1

  get-system-fonts@2.0.2: {}

  gopd@1.2.0: {}

  grapheme-splitter@1.0.4: {}

  has-flag@4.0.0: {}

  has-symbols@1.1.0: {}

  has-tostringtag@1.0.2:
    dependencies:
      has-symbols: 1.1.0

  hasown@2.0.2:
    dependencies:
      function-bind: 1.1.2

  html-encoding-sniffer@3.0.0:
    dependencies:
      whatwg-encoding: 2.0.0

  http-proxy-agent@5.0.0:
    dependencies:
      '@tootallnate/once': 2.0.0
      agent-base: 6.0.2
      debug: 4.4.3
    transitivePeerDependencies:
      - supports-color

  https-proxy-agent@5.0.1:
    dependencies:
      agent-base: 6.0.2
      debug: 4.4.3
    transitivePeerDependencies:
      - supports-color

  iconv-lite@0.4.24:
    dependencies:
      safer-buffer: 2.1.2

  iconv-lite@0.6.3:
    dependencies:
      safer-buffer: 2.1.2

  is-fullwidth-code-point@3.0.0: {}

  is-potential-custom-element-name@1.0.1: {}

  jsdom@22.1.0:
    dependencies:
      abab: 2.0.6
      cssstyle: 3.0.0
      data-urls: 4.0.0
      decimal.js: 10.6.0
      domexception: 4.0.0
      form-data: 4.0.5
      html-encoding-sniffer: 3.0.0
      http-proxy-agent: 5.0.0
      https-proxy-agent: 5.0.1
      is-potential-custom-element-name: 1.0.1
      nwsapi: 2.2.23
      parse5: 7.3.0
      rrweb-cssom: 0.6.0
      saxes: 6.0.0
      symbol-tree: 3.2.4
      tough-cookie: 4.1.4
      w3c-xmlserializer: 4.0.0
      webidl-conversions: 7.0.0
      whatwg-encoding: 2.0.0
      whatwg-mimetype: 3.0.0
      whatwg-url: 12.0.1
      ws: 8.19.0
      xml-name-validator: 4.0.0
    transitivePeerDependencies:
      - bufferutil
      - supports-color
      - utf-8-validate

  math-intrinsics@1.1.0: {}

  mime-db@1.52.0: {}

  mime-types@2.1.35:
    dependencies:
      mime-db: 1.52.0

  ms@2.1.3: {}

  mute-stream@1.0.0: {}

  nwsapi@2.2.23: {}

  os-tmpdir@1.0.2: {}

  pako@0.2.9: {}

  parse5@7.3.0:
    dependencies:
      entities: 6.0.1

  pinyin-pro@3.28.0: {}

  psl@1.15.0:
    dependencies:
      punycode: 2.3.1

  punycode@2.3.1: {}

  querystringify@2.2.0: {}

  requires-port@1.0.0: {}

  restructure@3.0.2: {}

  rrweb-cssom@0.6.0: {}

  run-async@3.0.0: {}

  safer-buffer@2.1.2: {}

  saxes@6.0.0:
    dependencies:
      xmlchars: 2.2.0

  signal-exit@4.1.0: {}

  string-width@4.2.3:
    dependencies:
      emoji-regex: 8.0.0
      is-fullwidth-code-point: 3.0.0
      strip-ansi: 6.0.1

  strip-ansi@6.0.1:
    dependencies:
      ansi-regex: 5.0.1

  supports-color@7.2.0:
    dependencies:
      has-flag: 4.0.0

  symbol-tree@3.2.4: {}

  tiny-inflate@1.0.3: {}

  tmp@0.0.33:
    dependencies:
      os-tmpdir: 1.0.2

  tough-cookie@4.1.4:
    dependencies:
      psl: 1.15.0
      punycode: 2.3.1
      universalify: 0.2.0
      url-parse: 1.5.10

  tr46@4.1.1:
    dependencies:
      punycode: 2.3.1

  tslib@2.8.1: {}

  type-fest@0.21.3: {}

  undici-types@6.21.0: {}

  unicode-properties@1.4.1:
    dependencies:
      base64-js: 1.5.1
      unicode-trie: 2.0.0

  unicode-trie@2.0.0:
    dependencies:
      pako: 0.2.9
      tiny-inflate: 1.0.3

  universalify@0.2.0: {}

  url-parse@1.5.10:
    dependencies:
      querystringify: 2.2.0
      requires-port: 1.0.0

  w3c-xmlserializer@4.0.0:
    dependencies:
      xml-name-validator: 4.0.0

  webidl-conversions@7.0.0: {}

  whatwg-encoding@2.0.0:
    dependencies:
      iconv-lite: 0.6.3

  whatwg-mimetype@3.0.0: {}

  whatwg-url@12.0.1:
    dependencies:
      tr46: 4.1.1
      webidl-conversions: 7.0.0

  wrap-ansi@6.2.0:
    dependencies:
      ansi-styles: 4.3.0
      string-width: 4.2.3
      strip-ansi: 6.0.1

  ws@8.19.0: {}

  xml-name-validator@4.0.0: {}

  xmlchars@2.2.0: {}
